{
  "name": "youtube-codex-test",
  "version": "1.0.0",
  "lockfileVersion": 3,
  "requires": true,
  "packages": {
    "": {
      "name": "youtube-codex-test",
      "version": "1.0.0",
      "license": "ISC",
      "devDependencies": {
        "@marp-team/marp-cli": "file:vendor/marp-cli"
      }
    },
    "node_modules/@marp-team/marp-cli": {
      "resolved": "vendor/marp-cli",
      "link": true
    },
    "vendor/marp-cli": {
      "name": "@marp-team/marp-cli",
      "version": "0.0.0-mvp",
      "dev": true,
      "bin": {
        "marp": "bin/marp.js"
      }
    }
  }
}
